
Microsoft Visual Studio Solution File, Format Version 12.00
# Visual Studio Version 16
VisualStudioVersion = 16.0.31727.386
MinimumVisualStudioVersion = 10.0.40219.1
Project("{8BC9CEB8-8B4A-11D0-8D11-00A0C91BC942}") = "Eight_Sort", "Eight_Sort\Eight_Sort.vcxproj", "{549DEB0F-336E-46DC-84CB-6BA076528252}"
EndProject
Global
	GlobalSection(SolutionConfigurationPlatforms) = preSolution
		Debug|x64 = Debug|x64
		Debug|x86 = Debug|x86
		Release|x64 = Release|x64
		Release|x86 = Release|x86
	EndGlobalSection
	GlobalSection(ProjectConfigurationPlatforms) = postSolution
		{549DEB0F-336E-46DC-84CB-6BA076528252}.Debug|x64.ActiveCfg = Debug|x64
		{549DEB0F-336E-46DC-84CB-6BA076528252}.Debug|x64.Build.0 = Debug|x64
		{549DEB0F-336E-46DC-84CB-6BA076528252}.Debug|x86.ActiveCfg = Debug|Win32
		{549DEB0F-336E-46DC-84CB-6BA076528252}.Debug|x86.Build.0 = Debug|Win32
		{549DEB0F-336E-46DC-84CB-6BA076528252}.Release|x64.ActiveCfg = Release|x64
		{549DEB0F-336E-46DC-84CB-6BA076528252}.Release|x64.Build.0 = Release|x64
		{549DEB0F-336E-46DC-84CB-6BA076528252}.Release|x86.ActiveCfg = Release|Win32
		{549DEB0F-336E-46DC-84CB-6BA076528252}.Release|x86.Build.0 = Release|Win32
	EndGlobalSection
	GlobalSection(SolutionProperties) = preSolution
		HideSolutionNode = FALSE
	EndGlobalSection
	GlobalSection(ExtensibilityGlobals) = postSolution
		SolutionGuid = {E84680AA-6B89-4A4B-97F2-549F78259819}
	EndGlobalSection
EndGlobal
